
Microsoft Visual Studio Solution File, Format Version 12.00
# Visual Studio Version 17
VisualStudioVersion = 17.9.34728.123
MinimumVisualStudioVersion = 10.0.40219.1
Project("{FAE04EC0-301F-11D3-BF4B-00C04F79EFBC}") = "AY Deliverable2", "AY Deliverable2.csproj", "{D8FCCC23-9E65-4C60-A57C-B9BEF1819A4A}"
EndProject
Global
	GlobalSection(SolutionConfigurationPlatforms) = preSolution
		Debug|Any CPU = Debug|Any CPU
		Release|Any CPU = Release|Any CPU
	EndGlobalSection
	GlobalSection(ProjectConfigurationPlatforms) = postSolution
		{D8FCCC23-9E65-4C60-A57C-B9BEF1819A4A}.Debug|Any CPU.ActiveCfg = Debug|Any CPU
		{D8FCCC23-9E65-4C60-A57C-B9BEF1819A4A}.Debug|Any CPU.Build.0 = Debug|Any CPU
		{D8FCCC23-9E65-4C60-A57C-B9BEF1819A4A}.Release|Any CPU.ActiveCfg = Release|Any CPU
		{D8FCCC23-9E65-4C60-A57C-B9BEF1819A4A}.Release|Any CPU.Build.0 = Release|Any CPU
	EndGlobalSection
	GlobalSection(SolutionProperties) = preSolution
		HideSolutionNode = FALSE
	EndGlobalSection
	GlobalSection(ExtensibilityGlobals) = postSolution
		SolutionGuid = {DF67CB46-AB10-4A37-9326-2C130C7E854D}
	EndGlobalSection
EndGlobal
